
Microsoft Visual Studio Solution File, Format Version 12.00
# Visual Studio Version 17
VisualStudioVersion = 17.5.33414.496
MinimumVisualStudioVersion = 10.0.40219.1
Project("{FAE04EC0-301F-11D3-BF4B-00C04F79EFBC}") = "DatabaseSQLApp", "DatabaseSQLApp.csproj", "{26FD4280-19E6-4830-88BE-C96C1107C514}"
EndProject
Global
	GlobalSection(SolutionConfigurationPlatforms) = preSolution
		Debug|Any CPU = Debug|Any CPU
		Release|Any CPU = Release|Any CPU
	EndGlobalSection
	GlobalSection(ProjectConfigurationPlatforms) = postSolution
		{26FD4280-19E6-4830-88BE-C96C1107C514}.Debug|Any CPU.ActiveCfg = Debug|Any CPU
		{26FD4280-19E6-4830-88BE-C96C1107C514}.Debug|Any CPU.Build.0 = Debug|Any CPU
		{26FD4280-19E6-4830-88BE-C96C1107C514}.Release|Any CPU.ActiveCfg = Release|Any CPU
		{26FD4280-19E6-4830-88BE-C96C1107C514}.Release|Any CPU.Build.0 = Release|Any CPU
	EndGlobalSection
	GlobalSection(SolutionProperties) = preSolution
		HideSolutionNode = FALSE
	EndGlobalSection
	GlobalSection(ExtensibilityGlobals) = postSolution
		SolutionGuid = {68950F19-CEF0-44AE-95ED-A2679A306DF9}
	EndGlobalSection
EndGlobal
